
Microsoft Visual Studio Solution File, Format Version 12.00
# Visual Studio Version 17
VisualStudioVersion = 17.5.33627.172
MinimumVisualStudioVersion = 10.0.40219.1
Project("{9A19103F-16F7-4668-BE54-9A1E7A4F7556}") = "CompanyEmployees", "CompanyEmployees\CompanyEmployees.csproj", "{0ADF93A4-CD7F-4649-93F3-C6BAB6B5C381}"
EndProject
Project("{9A19103F-16F7-4668-BE54-9A1E7A4F7556}") = "Contracts", "Contracts\Contracts.csproj", "{AA669B6C-16A0-47ED-849B-9E19F2B9ECB9}"
EndProject
Project("{9A19103F-16F7-4668-BE54-9A1E7A4F7556}") = "LoggerService", "LoggerService\LoggerService.csproj", "{7907C62A-E5CE-468D-9DCA-7B0ECA4588A4}"
EndProject
Project("{FAE04EC0-301F-11D3-BF4B-00C04F79EFBC}") = "Entities", "Entities\Entities.csproj", "{AB495594-DE8F-46E8-B601-7A32AB9B38A6}"
EndProject
Global
	GlobalSection(SolutionConfigurationPlatforms) = preSolution
		Debug|Any CPU = Debug|Any CPU
		Release|Any CPU = Release|Any CPU
	EndGlobalSection
	GlobalSection(ProjectConfigurationPlatforms) = postSolution
		{0ADF93A4-CD7F-4649-93F3-C6BAB6B5C381}.Debug|Any CPU.ActiveCfg = Debug|Any CPU
		{0ADF93A4-CD7F-4649-93F3-C6BAB6B5C381}.Debug|Any CPU.Build.0 = Debug|Any CPU
		{0ADF93A4-CD7F-4649-93F3-C6BAB6B5C381}.Release|Any CPU.ActiveCfg = Release|Any CPU
		{0ADF93A4-CD7F-4649-93F3-C6BAB6B5C381}.Release|Any CPU.Build.0 = Release|Any CPU
		{AA669B6C-16A0-47ED-849B-9E19F2B9ECB9}.Debug|Any CPU.ActiveCfg = Debug|Any CPU
		{AA669B6C-16A0-47ED-849B-9E19F2B9ECB9}.Debug|Any CPU.Build.0 = Debug|Any CPU
		{AA669B6C-16A0-47ED-849B-9E19F2B9ECB9}.Release|Any CPU.ActiveCfg = Release|Any CPU
		{AA669B6C-16A0-47ED-849B-9E19F2B9ECB9}.Release|Any CPU.Build.0 = Release|Any CPU
		{7907C62A-E5CE-468D-9DCA-7B0ECA4588A4}.Debug|Any CPU.ActiveCfg = Debug|Any CPU
		{7907C62A-E5CE-468D-9DCA-7B0ECA4588A4}.Debug|Any CPU.Build.0 = Debug|Any CPU
		{7907C62A-E5CE-468D-9DCA-7B0ECA4588A4}.Release|Any CPU.ActiveCfg = Release|Any CPU
		{7907C62A-E5CE-468D-9DCA-7B0ECA4588A4}.Release|Any CPU.Build.0 = Release|Any CPU
		{AB495594-DE8F-46E8-B601-7A32AB9B38A6}.Debug|Any CPU.ActiveCfg = Debug|Any CPU
		{AB495594-DE8F-46E8-B601-7A32AB9B38A6}.Debug|Any CPU.Build.0 = Debug|Any CPU
		{AB495594-DE8F-46E8-B601-7A32AB9B38A6}.Release|Any CPU.ActiveCfg = Release|Any CPU
		{AB495594-DE8F-46E8-B601-7A32AB9B38A6}.Release|Any CPU.Build.0 = Release|Any CPU
	EndGlobalSection
	GlobalSection(SolutionProperties) = preSolution
		HideSolutionNode = FALSE
	EndGlobalSection
	GlobalSection(ExtensibilityGlobals) = postSolution
		SolutionGuid = {BFFB636B-84CB-42EA-8415-5F055CC89C7A}
	EndGlobalSection
EndGlobal
